
Microsoft Visual Studio Solution File, Format Version 12.00
# Visual Studio 14
VisualStudioVersion = 14.0.24720.0
MinimumVisualStudioVersion = 10.0.40219.1
Project("{FAE04EC0-301F-11D3-BF4B-00C04F79EFBC}") = "NautilusWeb", "NautilusWeb\NautilusWeb.csproj", "{A33438CE-C610-45B3-A63F-A8B0E57AD18D}"
EndProject
Project("{2150E333-8FDC-42A3-9474-1A3956D46DE8}") = "ReferencedAssemblies", "ReferencedAssemblies", "{F68FCEED-8CE1-4168-9942-27DCD794A011}"
	ProjectSection(SolutionItems) = preProject
		ReferencedAssemblies\Microsoft.Web.Services3.dll = ReferencedAssemblies\Microsoft.Web.Services3.dll
		ReferencedAssemblies\Thermo.Informatics.Web.Nautilus.COMAdapter.dll = ReferencedAssemblies\Thermo.Informatics.Web.Nautilus.COMAdapter.dll
		ReferencedAssemblies\Thermo.Informatics.Web.Services.NauSessionManager.dll = ReferencedAssemblies\Thermo.Informatics.Web.Services.NauSessionManager.dll
		ReferencedAssemblies\Thermo.Informatics.Web.Services.Security.dll = ReferencedAssemblies\Thermo.Informatics.Web.Services.Security.dll
	EndProjectSection
EndProject
Global
	GlobalSection(SolutionConfigurationPlatforms) = preSolution
		Debug|Any CPU = Debug|Any CPU
		Release|Any CPU = Release|Any CPU
	EndGlobalSection
	GlobalSection(ProjectConfigurationPlatforms) = postSolution
		{A33438CE-C610-45B3-A63F-A8B0E57AD18D}.Debug|Any CPU.ActiveCfg = Debug|Any CPU
		{A33438CE-C610-45B3-A63F-A8B0E57AD18D}.Debug|Any CPU.Build.0 = Debug|Any CPU
		{A33438CE-C610-45B3-A63F-A8B0E57AD18D}.Release|Any CPU.ActiveCfg = Release|Any CPU
		{A33438CE-C610-45B3-A63F-A8B0E57AD18D}.Release|Any CPU.Build.0 = Release|Any CPU
	EndGlobalSection
	GlobalSection(SolutionProperties) = preSolution
		HideSolutionNode = FALSE
	EndGlobalSection
EndGlobal
